{
  "name": "rrotex",
  "version": "1.0.0",
  "lockfileVersion": 3,
  "requires": true,
  "packages": {
    "": {
      "name": "rrotex",
      "version": "1.0.0",
      "dependencies": {
        "adm-zip": "^0.5.17",
        "nodemailer": "^8.0.11"
      }
    },
    "node_modules/adm-zip": {
      "version": "0.5.17",
      "resolved": "https://registry.npmjs.org/adm-zip/-/adm-zip-0.5.17.tgz",
      "integrity": "sha512-+Ut8d9LLqwEvHHJl1+PIHqoyDxFgVN847JTVM3Izi3xHDWPE4UtzzXysMZQs64DMcrJfBeS/uoEP4AD3HQHnQQ==",
      "license": "MIT",
      "engines": {
        "node": ">=12.0"
      }
    },
    "node_modules/nodemailer": {
      "version": "8.0.11",
      "resolved": "https://registry.npmjs.org/nodemailer/-/nodemailer-8.0.11.tgz",
      "integrity": "sha512-nrO/pDAUKl+wXX+lx16tDLbnm0fW6sK/x8mgohaCpg+CdCEl482bD4tCuAZk2DyliruiNTIZxRCoWkDqJEnAiA==",
      "license": "MIT-0",
      "engines": {
        "node": ">=6.0.0"
      }
    }
  }
}
